
Microsoft Visual Studio Solution File, Format Version 12.00
Project("{F2A71F9B-5D33-465A-A702-920D77279786}") = "tnt", "tnt\tnt.fsproj", "{7282526C-45DF-4425-B350-8EE52B281A85}"
EndProject
Project("{F2A71F9B-5D33-465A-A702-920D77279786}") = "TNT.Library", "TNT.Library\TNT.Library.fsproj", "{ADBEAC88-4741-4B46-88AA-6F7CD561F500}"
EndProject
Project("{F2A71F9B-5D33-465A-A702-920D77279786}") = "TNT.T.FSharp", "TNT.T.FSharp\TNT.T.FSharp.fsproj", "{2A367DCB-7819-401A-BEA5-BE011A2A32DD}"
EndProject
Project("{2150E333-8FDC-42A3-9474-1A3956D46DE8}") = "FunToolBox", "FunToolBox", "{72947E9D-A52C-4DD0-B61E-38FA66FA265F}"
EndProject
Project("{F2A71F9B-5D33-465A-A702-920D77279786}") = "FunToolbox", "FunToolBox\FunToolbox\FunToolbox.fsproj", "{12208743-AEC2-4667-B589-E8FF8A305554}"
EndProject
Project("{FAE04EC0-301F-11D3-BF4B-00C04F79EFBC}") = "TNT.T", "TNT.T\TNT.T.csproj", "{1AC290EA-34E4-4ED9-B7F3-0CB3DFFECE2F}"
EndProject
Project("{FAE04EC0-301F-11D3-BF4B-00C04F79EFBC}") = "TNT.Tests.CSharp", "TNT.Tests.CSharp\TNT.Tests.CSharp.csproj", "{37AEAB3A-0C10-47C3-B50C-44983879CDF6}"
EndProject
Global
	GlobalSection(SolutionConfigurationPlatforms) = preSolution
		Debug|Any CPU = Debug|Any CPU
		Release|Any CPU = Release|Any CPU
	EndGlobalSection
	GlobalSection(ProjectConfigurationPlatforms) = postSolution
		{7282526C-45DF-4425-B350-8EE52B281A85}.Debug|Any CPU.ActiveCfg = Debug|Any CPU
		{7282526C-45DF-4425-B350-8EE52B281A85}.Debug|Any CPU.Build.0 = Debug|Any CPU
		{7282526C-45DF-4425-B350-8EE52B281A85}.Release|Any CPU.ActiveCfg = Release|Any CPU
		{7282526C-45DF-4425-B350-8EE52B281A85}.Release|Any CPU.Build.0 = Release|Any CPU
		{ADBEAC88-4741-4B46-88AA-6F7CD561F500}.Debug|Any CPU.ActiveCfg = Debug|Any CPU
		{ADBEAC88-4741-4B46-88AA-6F7CD561F500}.Debug|Any CPU.Build.0 = Debug|Any CPU
		{ADBEAC88-4741-4B46-88AA-6F7CD561F500}.Release|Any CPU.ActiveCfg = Release|Any CPU
		{ADBEAC88-4741-4B46-88AA-6F7CD561F500}.Release|Any CPU.Build.0 = Release|Any CPU
		{2A367DCB-7819-401A-BEA5-BE011A2A32DD}.Debug|Any CPU.ActiveCfg = Debug|Any CPU
		{2A367DCB-7819-401A-BEA5-BE011A2A32DD}.Debug|Any CPU.Build.0 = Debug|Any CPU
		{2A367DCB-7819-401A-BEA5-BE011A2A32DD}.Release|Any CPU.ActiveCfg = Release|Any CPU
		{2A367DCB-7819-401A-BEA5-BE011A2A32DD}.Release|Any CPU.Build.0 = Release|Any CPU
		{12208743-AEC2-4667-B589-E8FF8A305554}.Debug|Any CPU.ActiveCfg = Debug|Any CPU
		{12208743-AEC2-4667-B589-E8FF8A305554}.Debug|Any CPU.Build.0 = Debug|Any CPU
		{12208743-AEC2-4667-B589-E8FF8A305554}.Release|Any CPU.ActiveCfg = Release|Any CPU
		{12208743-AEC2-4667-B589-E8FF8A305554}.Release|Any CPU.Build.0 = Release|Any CPU
		{1AC290EA-34E4-4ED9-B7F3-0CB3DFFECE2F}.Debug|Any CPU.ActiveCfg = Debug|Any CPU
		{1AC290EA-34E4-4ED9-B7F3-0CB3DFFECE2F}.Debug|Any CPU.Build.0 = Debug|Any CPU
		{1AC290EA-34E4-4ED9-B7F3-0CB3DFFECE2F}.Release|Any CPU.ActiveCfg = Release|Any CPU
		{1AC290EA-34E4-4ED9-B7F3-0CB3DFFECE2F}.Release|Any CPU.Build.0 = Release|Any CPU
		{37AEAB3A-0C10-47C3-B50C-44983879CDF6}.Debug|Any CPU.ActiveCfg = Debug|Any CPU
		{37AEAB3A-0C10-47C3-B50C-44983879CDF6}.Debug|Any CPU.Build.0 = Debug|Any CPU
		{37AEAB3A-0C10-47C3-B50C-44983879CDF6}.Release|Any CPU.ActiveCfg = Release|Any CPU
		{37AEAB3A-0C10-47C3-B50C-44983879CDF6}.Release|Any CPU.Build.0 = Release|Any CPU
	EndGlobalSection
	GlobalSection(NestedProjects) = preSolution
		{12208743-AEC2-4667-B589-E8FF8A305554} = {72947E9D-A52C-4DD0-B61E-38FA66FA265F}
	EndGlobalSection
EndGlobal
